PODS:
  - Protobuf (3.24.0)
  - SSZipArchive (2.1.5)

DEPENDENCIES:
  - Protobuf (~> 3.4)
  - SSZipArchive (~> 2.1.4)

SPEC REPOS:
  trunk:
    - Protobuf
    - SSZipArchive

SPEC CHECKSUMS:
  Protobuf: 74a8b46ebe3001096a6f4b624e9efbae8adb2edd
  SSZipArchive: cefe1364104a0231268a5deb8495bdf2861f52f0

PODFILE CHECKSUM: 6c3576d611d371cda33613284d333fac9f583d86

COCOAPODS: 1.12.1
